
Microsoft Visual Studio Solution File, Format Version 12.00
# Visual Studio Version 16
VisualStudioVersion = 16.0.31702.278
MinimumVisualStudioVersion = 10.0.40219.1
Project("{FAE04EC0-301F-11D3-BF4B-00C04F79EFBC}") = "SalesBudget", "SalesBudget.csproj", "{EBABB29E-DB65-45F5-ABA3-4B787CADE29C}"
EndProject
Project("{FAE04EC0-301F-11D3-BF4B-00C04F79EFBC}") = "SalesBudget.Models", "..\SalesBudget.Models\SalesBudget.Models.csproj", "{5DBBEF2D-6971-4912-B315-3FCFD2E22053}"
EndProject
Project("{FAE04EC0-301F-11D3-BF4B-00C04F79EFBC}") = "SalesBudget.Utility", "..\SalesBudget.Utility\SalesBudget.Utility.csproj", "{F852707B-746F-4FA5-96C4-F8103BE10B0B}"
EndProject
Project("{FAE04EC0-301F-11D3-BF4B-00C04F79EFBC}") = "SalesBudget.DataAccess", "..\SalesBudget.DataAccess\SalesBudget.DataAccess.csproj", "{33EBB398-2393-41AE-B8C3-2F99751105DA}"
EndProject
Global
	GlobalSection(SolutionConfigurationPlatforms) = preSolution
		Debug|Any CPU = Debug|Any CPU
		Release|Any CPU = Release|Any CPU
	EndGlobalSection
	GlobalSection(ProjectConfigurationPlatforms) = postSolution
		{EBABB29E-DB65-45F5-ABA3-4B787CADE29C}.Debug|Any CPU.ActiveCfg = Debug|Any CPU
		{EBABB29E-DB65-45F5-ABA3-4B787CADE29C}.Debug|Any CPU.Build.0 = Debug|Any CPU
		{EBABB29E-DB65-45F5-ABA3-4B787CADE29C}.Release|Any CPU.ActiveCfg = Release|Any CPU
		{EBABB29E-DB65-45F5-ABA3-4B787CADE29C}.Release|Any CPU.Build.0 = Release|Any CPU
		{5DBBEF2D-6971-4912-B315-3FCFD2E22053}.Debug|Any CPU.ActiveCfg = Debug|Any CPU
		{5DBBEF2D-6971-4912-B315-3FCFD2E22053}.Debug|Any CPU.Build.0 = Debug|Any CPU
		{5DBBEF2D-6971-4912-B315-3FCFD2E22053}.Release|Any CPU.ActiveCfg = Release|Any CPU
		{5DBBEF2D-6971-4912-B315-3FCFD2E22053}.Release|Any CPU.Build.0 = Release|Any CPU
		{F852707B-746F-4FA5-96C4-F8103BE10B0B}.Debug|Any CPU.ActiveCfg = Debug|Any CPU
		{F852707B-746F-4FA5-96C4-F8103BE10B0B}.Debug|Any CPU.Build.0 = Debug|Any CPU
		{F852707B-746F-4FA5-96C4-F8103BE10B0B}.Release|Any CPU.ActiveCfg = Release|Any CPU
		{F852707B-746F-4FA5-96C4-F8103BE10B0B}.Release|Any CPU.Build.0 = Release|Any CPU
		{33EBB398-2393-41AE-B8C3-2F99751105DA}.Debug|Any CPU.ActiveCfg = Debug|Any CPU
		{33EBB398-2393-41AE-B8C3-2F99751105DA}.Debug|Any CPU.Build.0 = Debug|Any CPU
		{33EBB398-2393-41AE-B8C3-2F99751105DA}.Release|Any CPU.ActiveCfg = Release|Any CPU
		{33EBB398-2393-41AE-B8C3-2F99751105DA}.Release|Any CPU.Build.0 = Release|Any CPU
	EndGlobalSection
	GlobalSection(SolutionProperties) = preSolution
		HideSolutionNode = FALSE
	EndGlobalSection
	GlobalSection(ExtensibilityGlobals) = postSolution
		SolutionGuid = {7721955D-05D4-4822-BDC4-EAFDF4CA9D2A}
	EndGlobalSection
EndGlobal
